
Microsoft Visual Studio Solution File, Format Version 12.00
# Visual Studio Version 17
VisualStudioVersion = 17.9.34728.123
MinimumVisualStudioVersion = 10.0.40219.1
Project("{FAE04EC0-301F-11D3-BF4B-00C04F79EFBC}") = "PSPUD05TE01", "PSPUD05TE01\PSPUD05TE01.csproj", "{CD87D2F7-1272-4E67-8332-67734D6DED58}"
EndProject
Global
	GlobalSection(SolutionConfigurationPlatforms) = preSolution
		Debug|Any CPU = Debug|Any CPU
		Release|Any CPU = Release|Any CPU
	EndGlobalSection
	GlobalSection(ProjectConfigurationPlatforms) = postSolution
		{CD87D2F7-1272-4E67-8332-67734D6DED58}.Debug|Any CPU.ActiveCfg = Debug|Any CPU
		{CD87D2F7-1272-4E67-8332-67734D6DED58}.Debug|Any CPU.Build.0 = Debug|Any CPU
		{CD87D2F7-1272-4E67-8332-67734D6DED58}.Release|Any CPU.ActiveCfg = Release|Any CPU
		{CD87D2F7-1272-4E67-8332-67734D6DED58}.Release|Any CPU.Build.0 = Release|Any CPU
	EndGlobalSection
	GlobalSection(SolutionProperties) = preSolution
		HideSolutionNode = FALSE
	EndGlobalSection
	GlobalSection(ExtensibilityGlobals) = postSolution
		SolutionGuid = {A99910AE-8701-42A5-93DD-8F6131AB4180}
	EndGlobalSection
EndGlobal
